{
  "requires": true,
  "lockfileVersion": 1,
  "dependencies": {
    "core-js": {
      "version": "3.6.5",
      "resolved": "https://registry.npmjs.org/core-js/-/core-js-3.6.5.tgz",
      "integrity": "sha512-vZVEEwZoIsI+vPEuoF9Iqf5H7/M3eeQqWlQnYa8FSKKePuYTf5MWnxb5SDAzCa60b3JBRS5g9b+Dq7b1y/RCrA=="
    },
    "vue": {
      "version": "2.6.11",
      "resolved": "https://registry.npmjs.org/vue/-/vue-2.6.11.tgz",
      "integrity": "sha512-VfPwgcGABbGAue9+sfrD4PuwFar7gPb1yl1UK1MwXoQPAw0BKSqWfoYCT/ThFrdEVWoI51dBuyCoiNU9bZDZxQ=="
    },
    "vue-resource": {
      "version": "file:vue-resource",
      "requires": {
        "core-js": "^3.6.5",
        "vue": "^2.6.11"
      },
      "dependencies": {
        "@vue/cli-plugin-babel": {
          "version": "4.4.6",
          "resolved": "https://registry.npmjs.org/@vue/cli-plugin-babel/-/cli-plugin-babel-4.4.6.tgz",
          "integrity": "sha512-9cX9mN+4DIbcqw3rV6UBOA0t5zikIkrBLQloUzsOBOu5Xb7/UoD7inInFj7bnyHUflr5LqbdWJ+etCQcWAIIXA=="
        },
        "@vue/cli-plugin-eslint": {
          "version": "4.4.6",
          "resolved": "https://registry.npmjs.org/@vue/cli-plugin-eslint/-/cli-plugin-eslint-4.4.6.tgz",
          "integrity": "sha512-3a9rVpOKPQsDgAlRkhmBMHboGobivG/47BbQGE66Z8YJxrgF/AWikP3Jy67SmxtszRkyiWfw4aJFRV9r3MzffQ=="
        },
        "@vue/cli-service": {
          "version": "4.4.6",
          "resolved": "https://registry.npmjs.org/@vue/cli-service/-/cli-service-4.4.6.tgz",
          "integrity": "sha512-k5OFGh2NnvRymCyq9DfBiNJvECUuun3pl5KMm3557IZyA5E5csv+RHoSW3dX8HHe0zXq18g52VswP1llvR9POw=="
        },
        "babel-eslint": {
          "version": "10.1.0",
          "resolved": "https://registry.npmjs.org/babel-eslint/-/babel-eslint-10.1.0.tgz",
          "integrity": "sha512-ifWaTHQ0ce+448CYop8AdrQiBsGrnC+bMgfyKFdi6EsPLTAWG+QfyDeM6OH+FmWnKvEq5NnBMLvlBUPKQZoDSg=="
        },
        "eslint": {
          "version": "6.8.0",
          "resolved": "https://registry.npmjs.org/eslint/-/eslint-6.8.0.tgz",
          "integrity": "sha512-K+Iayyo2LtyYhDSYwz5D5QdWw0hCacNzyq1Y821Xna2xSJj7cijoLLYmLxTQgcgZ9mC61nryMy9S7GRbYpI5Ig=="
        },
        "eslint-plugin-vue": {
          "version": "6.2.2",
          "resolved": "https://registry.npmjs.org/eslint-plugin-vue/-/eslint-plugin-vue-6.2.2.tgz",
          "integrity": "sha512-Nhc+oVAHm0uz/PkJAWscwIT4ijTrK5fqNqz9QB1D35SbbuMG1uB6Yr5AJpvPSWg+WOw7nYNswerYh0kOk64gqQ=="
        },
        "vue-template-compiler": {
          "version": "2.6.11",
          "resolved": "https://registry.npmjs.org/vue-template-compiler/-/vue-template-compiler-2.6.11.tgz",
          "integrity": "sha512-KIq15bvQDrcCjpGjrAhx4mUlyyHfdmTaoNfeoATHLAiWB+MU3cx4lOzMwrnUh9cCxy0Lt1T11hAFY6TQgroUAA=="
        }
      }
    }
  }
}
